
Microsoft Visual Studio Solution File, Format Version 12.00
# Visual Studio Version 17
VisualStudioVersion = 17.2.32630.192
MinimumVisualStudioVersion = 10.0.40219.1
Project("{FAE04EC0-301F-11D3-BF4B-00C04F79EFBC}") = "FlightPlanApi", "FlightPlanApi\FlightPlanApi.csproj", "{38F44596-BC0E-4E28-A726-25A2DDCC922C}"
EndProject
Global
	GlobalSection(SolutionConfigurationPlatforms) = preSolution
		Debug|Any CPU = Debug|Any CPU
		Release|Any CPU = Release|Any CPU
	EndGlobalSection
	GlobalSection(ProjectConfigurationPlatforms) = postSolution
		{38F44596-BC0E-4E28-A726-25A2DDCC922C}.Debug|Any CPU.ActiveCfg = Debug|Any CPU
		{38F44596-BC0E-4E28-A726-25A2DDCC922C}.Debug|Any CPU.Build.0 = Debug|Any CPU
		{38F44596-BC0E-4E28-A726-25A2DDCC922C}.Release|Any CPU.ActiveCfg = Release|Any CPU
		{38F44596-BC0E-4E28-A726-25A2DDCC922C}.Release|Any CPU.Build.0 = Release|Any CPU
	EndGlobalSection
	GlobalSection(SolutionProperties) = preSolution
		HideSolutionNode = FALSE
	EndGlobalSection
	GlobalSection(ExtensibilityGlobals) = postSolution
		SolutionGuid = {E76CCC5D-4129-4D2E-A188-9B818C97FA1A}
	EndGlobalSection
EndGlobal
